
Microsoft Visual Studio Solution File, Format Version 12.00
# Visual Studio Version 16
VisualStudioVersion = 16.0.30717.126
MinimumVisualStudioVersion = 10.0.40219.1
Project("{FAE04EC0-301F-11D3-BF4B-00C04F79EFBC}") = "Chess", "Chess.csproj", "{CA0BE077-2BFB-4CDA-AACF-28A8D099E6AF}"
EndProject
Global
	GlobalSection(SolutionConfigurationPlatforms) = preSolution
		Debug|Any CPU = Debug|Any CPU
		Release|Any CPU = Release|Any CPU
	EndGlobalSection
	GlobalSection(ProjectConfigurationPlatforms) = postSolution
		{CA0BE077-2BFB-4CDA-AACF-28A8D099E6AF}.Debug|Any CPU.ActiveCfg = Debug|Any CPU
		{CA0BE077-2BFB-4CDA-AACF-28A8D099E6AF}.Debug|Any CPU.Build.0 = Debug|Any CPU
		{CA0BE077-2BFB-4CDA-AACF-28A8D099E6AF}.Release|Any CPU.ActiveCfg = Release|Any CPU
		{CA0BE077-2BFB-4CDA-AACF-28A8D099E6AF}.Release|Any CPU.Build.0 = Release|Any CPU
	EndGlobalSection
	GlobalSection(SolutionProperties) = preSolution
		HideSolutionNode = FALSE
	EndGlobalSection
	GlobalSection(ExtensibilityGlobals) = postSolution
		SolutionGuid = {D2A001C6-590C-4C8E-AD73-FE881629EEAD}
	EndGlobalSection
EndGlobal
